
Microsoft Visual Studio Solution File, Format Version 12.00
# Visual Studio 15
VisualStudioVersion = 15.0.28307.421
MinimumVisualStudioVersion = 10.0.40219.1
Project("{FAE04EC0-301F-11D3-BF4B-00C04F79EFBC}") = "LatihanMember", "LatihanMember\LatihanMember.csproj", "{C374C64E-193C-4299-8FB4-BD2E6C961769}"
EndProject
Global
	GlobalSection(SolutionConfigurationPlatforms) = preSolution
		Debug|Any CPU = Debug|Any CPU
		Release|Any CPU = Release|Any CPU
	EndGlobalSection
	GlobalSection(ProjectConfigurationPlatforms) = postSolution
		{C374C64E-193C-4299-8FB4-BD2E6C961769}.Debug|Any CPU.ActiveCfg = Debug|Any CPU
		{C374C64E-193C-4299-8FB4-BD2E6C961769}.Debug|Any CPU.Build.0 = Debug|Any CPU
		{C374C64E-193C-4299-8FB4-BD2E6C961769}.Release|Any CPU.ActiveCfg = Release|Any CPU
		{C374C64E-193C-4299-8FB4-BD2E6C961769}.Release|Any CPU.Build.0 = Release|Any CPU
	EndGlobalSection
	GlobalSection(SolutionProperties) = preSolution
		HideSolutionNode = FALSE
	EndGlobalSection
	GlobalSection(ExtensibilityGlobals) = postSolution
		SolutionGuid = {DAA09C4A-A4BA-4941-A8B4-5C44C09497D6}
	EndGlobalSection
EndGlobal
